<?xml version="1.0" encoding="utf-8"?>
<Project ToolsVersion="4.0" xmlns="http://schemas.microsoft.com/developer/msbuild/2003">
  <ItemGroup>
    <Filter Include="Source Files">
      <UniqueIdentifier>{4FC737F1-C7A5-4376-A066-2A32D752A2FF}</UniqueIdentifier>
      <Extensions>cpp;c;cc;cxx;c++;cppm;ixx;def;odl;idl;hpj;bat;asm;asmx</Extensions>
    </Filter>
    <Filter Include="Header Files">
      <UniqueIdentifier>{93995380-89BD-4b04-88EB-625FBE52EBFB}</UniqueIdentifier>
      <Extensions>h;hh;hpp;hxx;h++;hm;inl;inc;ipp;xsd</Extensions>
    </Filter>
    <Filter Include="Resource Files">
      <UniqueIdentifier>{67DA6AB6-F800-4c08-8B7A-83BB121AAD01}</UniqueIdentifier>
      <Extensions>rc;ico;cur;bmp;dlg;rc2;rct;bin;rgs;gif;jpg;jpeg;jpe;resx;tiff;tif;png;wav;mfcribbon-ms</Extensions>
    </Filter>
  </ItemGroup>
  <ItemGroup>
    <ClInclude Include="include\core\System.h">
      <Filter>Header Files</Filter>
    </ClInclude>
    <ClInclude Include="include\core\Engine.h">
      <Filter>Header Files</Filter>
    </ClInclude>
    <ClInclude Include="include\logger\Logger.h">
      <Filter>Header Files</Filter>
    </ClInclude>
    <ClInclude Include="include\core\datatypes\Event.h">
      <Filter>Header Files</Filter>
    </ClInclude>
    <ClInclude Include="include\graphics\Window.h">
      <Filter>Header Files</Filter>
    </ClInclude>
    <ClInclude Include="include\graphics\DX12Window.h">
      <Filter>Header Files</Filter>
    </ClInclude>
    <ClInclude Include="include\utils\string_extensions.h">
      <Filter>Header Files</Filter>
    </ClInclude>
    <ClInclude Include="include\core\datatypes\Data.h">
      <Filter>Header Files</Filter>
    </ClInclude>
    <ClInclude Include="include\core\datatypes\DataStream.h">
      <Filter>Header Files</Filter>
    </ClInclude>
    <ClInclude Include="include\core\datatypes\ReserveDataStream.h">
      <Filter>Header Files</Filter>
    </ClInclude>
    <ClInclude Include="include\utils\utils.h">
      <Filter>Header Files</Filter>
    </ClInclude>
    <ClInclude Include="include\file\FileLoader.h">
      <Filter>Header Files</Filter>
    </ClInclude>
    <ClInclude Include="include\editor\EditorSettings.h">
      <Filter>Header Files</Filter>
    </ClInclude>
    <ClInclude Include="include\editor\imgui\windows\BaseWindow.h">
      <Filter>Header Files</Filter>
    </ClInclude>
    <ClInclude Include="include\editor\imgui\windows\ConsoleWindow.h">
      <Filter>Header Files</Filter>
    </ClInclude>
    <ClInclude Include="include\editor\imgui\windows\ExplorerWindow.h">
      <Filter>Header Files</Filter>
    </ClInclude>
    <ClInclude Include="include\editor\imgui\windows\HierarchyWindow.h">
      <Filter>Header Files</Filter>
    </ClInclude>
    <ClInclude Include="include\editor\imgui\windows\InspectorWindow.h">
      <Filter>Header Files</Filter>
    </ClInclude>
    <ClInclude Include="include\editor\imgui\windows\MainWindow.h">
      <Filter>Header Files</Filter>
    </ClInclude>
    <ClInclude Include="include\editor\imgui\windows\SceneWindow.h">
      <Filter>Header Files</Filter>
    </ClInclude>
    <ClInclude Include="include\editor\imgui\font_file.h">
      <Filter>Header Files</Filter>
    </ClInclude>
    <ClInclude Include="include\editor\imgui\ImGuiDefines.h">
      <Filter>Header Files</Filter>
    </ClInclude>
    <ClInclude Include="include\editor\imgui\views\ImGuiUIView.h">
      <Filter>Header Files</Filter>
    </ClInclude>
    <ClInclude Include="include\editor\imgui\ImGuiWindow.h">
      <Filter>Header Files</Filter>
    </ClInclude>
    <ClInclude Include="include\editor\Editor.h">
      <Filter>Header Files</Filter>
    </ClInclude>
    <ClInclude Include="include\editor\imgui\StringTextInput.h">
      <Filter>Header Files</Filter>
    </ClInclude>
    <ClInclude Include="include\editor\AssetDatabase.h">
      <Filter>Header Files</Filter>
    </ClInclude>
    <ClInclude Include="include\editor\ExplorerResource.h">
      <Filter>Header Files</Filter>
    </ClInclude>
    <ClInclude Include="include\assets\AssetType.h">
      <Filter>Header Files</Filter>
    </ClInclude>
    <ClInclude Include="include\graphics\DescHandle.h">
      <Filter>Header Files</Filter>
    </ClInclude>
    <ClInclude Include="include\editor\imgui\EditorSelectable.h">
      <Filter>Header Files</Filter>
    </ClInclude>
    <ClInclude Include="include\editor\imgui\views\ExplorerResourceUIView.h">
      <Filter>Header Files</Filter>
    </ClInclude>
    <ClInclude Include="include\editor\imgui\StringDropdown.h">
      <Filter>Header Files</Filter>
    </ClInclude>
    <ClInclude Include="include\gameplay\EntityID.h">
      <Filter>Header Files</Filter>
    </ClInclude>
    <ClInclude Include="include\gameplay\ECSBaseSystem.h">
      <Filter>Header Files</Filter>
    </ClInclude>
    <ClInclude Include="src\gameplay\ECSBaseSystem.cpp">
      <Filter>Header Files</Filter>
    </ClInclude>
    <ClInclude Include="include\gameplay\EnityComponentSystem.h">
      <Filter>Header Files</Filter>
    </ClInclude>
    <ClInclude Include="include\gameplay\EntityComponentSystem.h">
      <Filter>Header Files</Filter>
    </ClInclude>
    <ClInclude Include="include\gameplay\systems\TransformSystem.h">
      <Filter>Header Files</Filter>
    </ClInclude>
    <ClInclude Include="include\gameplay\systems\TransformComponent.h">
      <Filter>Header Files</Filter>
    </ClInclude>
    <ClInclude Include="include\gameplay\systems\Component.h">
      <Filter>Header Files</Filter>
    </ClInclude>
    <ClInclude Include="include\editor\imgui\views\EntityUIView.h">
      <Filter>Header Files</Filter>
    </ClInclude>
    <ClInclude Include="include\editor\imgui\views\ComponentUIView.h">
      <Filter>Header Files</Filter>
    </ClInclude>
    <ClInclude Include="include\editor\imgui\views\TransformComponentUIView.h">
      <Filter>Header Files</Filter>
    </ClInclude>
    <ClInclude Include="include\editor\imgui\PopGuard.h">
      <Filter>Header Files</Filter>
    </ClInclude>
  </ItemGroup>
  <ItemGroup>
    <ClCompile Include="src\core\Engine.cpp">
      <Filter>Source Files</Filter>
    </ClCompile>
    <ClCompile Include="src\logger\Logger.cpp">
      <Filter>Source Files</Filter>
    </ClCompile>
    <ClCompile Include="src\core\System.cpp">
      <Filter>Source Files</Filter>
    </ClCompile>
    <ClCompile Include="src\graphics\Window.cpp">
      <Filter>Source Files</Filter>
    </ClCompile>
    <ClCompile Include="src\graphics\DX12Window.cpp">
      <Filter>Source Files</Filter>
    </ClCompile>
    <ClCompile Include="src\utils\string_extensions.cpp">
      <Filter>Source Files</Filter>
    </ClCompile>
    <ClCompile Include="src\core\datatypes\Data.cpp">
      <Filter>Source Files</Filter>
    </ClCompile>
    <ClCompile Include="src\core\datatypes\DataStream.cpp">
      <Filter>Source Files</Filter>
    </ClCompile>
    <ClCompile Include="src\core\datatypes\ReserveDataStream.cpp">
      <Filter>Source Files</Filter>
    </ClCompile>
    <ClCompile Include="src\file\FileLoader.cpp">
      <Filter>Source Files</Filter>
    </ClCompile>
    <ClCompile Include="src\editor\EditorSettings.cpp">
      <Filter>Source Files</Filter>
    </ClCompile>
    <ClCompile Include="src\editor\imgui\windows\BaseWindow.cpp">
      <Filter>Source Files</Filter>
    </ClCompile>
    <ClCompile Include="src\editor\imgui\windows\ConsoleWindow.cpp">
      <Filter>Source Files</Filter>
    </ClCompile>
    <ClCompile Include="src\editor\imgui\windows\ExplorerWindow.cpp">
      <Filter>Source Files</Filter>
    </ClCompile>
    <ClCompile Include="src\editor\imgui\windows\HierarchyWindow.cpp">
      <Filter>Source Files</Filter>
    </ClCompile>
    <ClCompile Include="src\editor\imgui\windows\InspectorWindow.cpp">
      <Filter>Source Files</Filter>
    </ClCompile>
    <ClCompile Include="src\editor\imgui\windows\MainWindow.cpp">
      <Filter>Source Files</Filter>
    </ClCompile>
    <ClCompile Include="src\editor\imgui\windows\SceneWindow.cpp">
      <Filter>Source Files</Filter>
    </ClCompile>
    <ClCompile Include="src\editor\imgui\ImGuiDefines.cpp">
      <Filter>Source Files</Filter>
    </ClCompile>
    <ClCompile Include="src\editor\imgui\views\ImGuiUIView.cpp">
      <Filter>Source Files</Filter>
    </ClCompile>
    <ClCompile Include="src\editor\imgui\ImGuiWindow.cpp">
      <Filter>Source Files</Filter>
    </ClCompile>
    <ClCompile Include="src\editor\Editor.cpp">
      <Filter>Source Files</Filter>
    </ClCompile>
    <ClCompile Include="external\imgui\backends\imgui_impl_dx12.cpp">
      <Filter>Source Files</Filter>
    </ClCompile>
    <ClCompile Include="external\imgui\backends\imgui_impl_win32.cpp">
      <Filter>Source Files</Filter>
    </ClCompile>
    <ClCompile Include="external\imgui\imgui_demo.cpp">
      <Filter>Source Files</Filter>
    </ClCompile>
    <ClCompile Include="external\imgui\imgui_draw.cpp">
      <Filter>Source Files</Filter>
    </ClCompile>
    <ClCompile Include="external\imgui\imgui_helpers.cpp">
      <Filter>Source Files</Filter>
    </ClCompile>
    <ClCompile Include="external\imgui\imgui.cpp">
      <Filter>Source Files</Filter>
    </ClCompile>
    <ClCompile Include="external\imgui\imgui_stdlib.cpp">
      <Filter>Source Files</Filter>
    </ClCompile>
    <ClCompile Include="external\imgui\imgui_tables.cpp">
      <Filter>Source Files</Filter>
    </ClCompile>
    <ClCompile Include="external\imgui\imgui_widgets.cpp">
      <Filter>Source Files</Filter>
    </ClCompile>
    <ClCompile Include="src\editor\imgui\StringTextInput.cpp">
      <Filter>Source Files</Filter>
    </ClCompile>
    <ClCompile Include="src\editor\ExplorerResource.cpp">
      <Filter>Source Files</Filter>
    </ClCompile>
    <ClCompile Include="src\editor\AssetDatabase.cpp">
      <Filter>Source Files</Filter>
    </ClCompile>
    <ClCompile Include="src\graphics\DescHandle.cpp">
      <Filter>Source Files</Filter>
    </ClCompile>
    <ClCompile Include="src\editor\imgui\EditorSelectable.cpp">
      <Filter>Source Files</Filter>
    </ClCompile>
    <ClCompile Include="src\editor\imgui\views\ExplorerResourceUIView.cpp">
      <Filter>Source Files</Filter>
    </ClCompile>
    <ClCompile Include="src\editor\imgui\StringDropdown.cpp">
      <Filter>Source Files</Filter>
    </ClCompile>
    <ClCompile Include="src\gameplay\EntityComponentSystem.cpp">
      <Filter>Source Files</Filter>
    </ClCompile>
    <ClCompile Include="src\gameplay\EntityID.cpp">
      <Filter>Source Files</Filter>
    </ClCompile>
    <ClCompile Include="src\gameplay\systems\TransformComponent.cpp">
      <Filter>Source Files</Filter>
    </ClCompile>
    <ClCompile Include="src\editor\imgui\views\EntityUIView.cpp">
      <Filter>Source Files</Filter>
    </ClCompile>
    <ClCompile Include="src\editor\imgui\views\TransformComponentUIView.cpp">
      <Filter>Source Files</Filter>
    </ClCompile>
    <ClCompile Include="src\editor\imgui\views\ComponentUIView.cpp">
      <Filter>Source Files</Filter>
    </ClCompile>
    <ClCompile Include="include\editor\imgui\PopGuard.cpp">
      <Filter>Source Files</Filter>
    </ClCompile>
  </ItemGroup>
  <ItemGroup>
    <None Include="packages.config" />
  </ItemGroup>
</Project>